
Microsoft Visual Studio Solution File, Format Version 12.00
# Visual Studio 15
VisualStudioVersion = 15.0.26730.12
MinimumVisualStudioVersion = 10.0.40219.1
Project("{8BC9CEB8-8B4A-11D0-8D11-00A0C91BC942}") = "Image Processor", "Image Processor\Image Processor.vcxproj", "{F20767C1-C3D0-474F-86F9-D1A54311D898}"
EndProject
Global
	GlobalSection(SolutionConfigurationPlatforms) = preSolution
		Debug|x64 = Debug|x64
		Debug|x86 = Debug|x86
		opencv|x64 = opencv|x64
		opencv|x86 = opencv|x86
		Release|x64 = Release|x64
		Release|x86 = Release|x86
	EndGlobalSection
	GlobalSection(ProjectConfigurationPlatforms) = postSolution
		{F20767C1-C3D0-474F-86F9-D1A54311D898}.Debug|x64.ActiveCfg = Debug|x64
		{F20767C1-C3D0-474F-86F9-D1A54311D898}.Debug|x64.Build.0 = Debug|x64
		{F20767C1-C3D0-474F-86F9-D1A54311D898}.Debug|x86.ActiveCfg = Debug|Win32
		{F20767C1-C3D0-474F-86F9-D1A54311D898}.Debug|x86.Build.0 = Debug|Win32
		{F20767C1-C3D0-474F-86F9-D1A54311D898}.opencv|x64.ActiveCfg = opencv|x64
		{F20767C1-C3D0-474F-86F9-D1A54311D898}.opencv|x64.Build.0 = opencv|x64
		{F20767C1-C3D0-474F-86F9-D1A54311D898}.opencv|x86.ActiveCfg = opencv|Win32
		{F20767C1-C3D0-474F-86F9-D1A54311D898}.opencv|x86.Build.0 = opencv|Win32
		{F20767C1-C3D0-474F-86F9-D1A54311D898}.Release|x64.ActiveCfg = Release|x64
		{F20767C1-C3D0-474F-86F9-D1A54311D898}.Release|x64.Build.0 = Release|x64
		{F20767C1-C3D0-474F-86F9-D1A54311D898}.Release|x86.ActiveCfg = Release|Win32
		{F20767C1-C3D0-474F-86F9-D1A54311D898}.Release|x86.Build.0 = Release|Win32
	EndGlobalSection
	GlobalSection(SolutionProperties) = preSolution
		HideSolutionNode = FALSE
	EndGlobalSection
	GlobalSection(ExtensibilityGlobals) = postSolution
		SolutionGuid = {0BAADA0D-E2F8-488D-964E-CF202C4A597D}
	EndGlobalSection
EndGlobal
